// !$*UTF8*$!
{
	archiveVersion = 1;
	classes = {
	};
	objectVersion = 55;
	objects = {

/* Begin PBXBuildFile section */
		D022895B2788ADF6004FFF7E /* NewsRepo.swift in Sources */ = {isa = PBXBuildFile; fileRef = D022895A2788ADF6004FFF7E /* NewsRepo.swift */; };
		D022895D2788AF7F004FFF7E /* NewsUseCase.swift in Sources */ = {isa = PBXBuildFile; fileRef = D022895C2788AF7F004FFF7E /* NewsUseCase.swift */; };
		D0BC5829277B2A8D00979F2B /* NewsApp.xcdatamodeld in Sources */ = {isa = PBXBuildFile; fileRef = D0BC5827277B2A8D00979F2B /* NewsApp.xcdatamodeld */; };
		D0BC582D27804D8900979F2B /* LoginCoordinator.swift in Sources */ = {isa = PBXBuildFile; fileRef = D0BC582C27804D8900979F2B /* LoginCoordinator.swift */; };
		D0BC583027804E0700979F2B /* HomeNewsVC.swift in Sources */ = {isa = PBXBuildFile; fileRef = D0BC582F27804E0700979F2B /* HomeNewsVC.swift */; };
		D0BC58322780565600979F2B /* AppCoordinator.swift in Sources */ = {isa = PBXBuildFile; fileRef = D0BC58312780565600979F2B /* AppCoordinator.swift */; };
		D0BC583627807BB700979F2B /* BaseApiTest.swift in Sources */ = {isa = PBXBuildFile; fileRef = D0BC583527807BB700979F2B /* BaseApiTest.swift */; };
		D0BC58382780859600979F2B /* stup.json in Resources */ = {isa = PBXBuildFile; fileRef = D0EC43CF27747A3200D840B5 /* stup.json */; };
		D0BC583A27808CAE00979F2B /* LoginUseCaseTest.swift in Sources */ = {isa = PBXBuildFile; fileRef = D0BC583927808CAE00979F2B /* LoginUseCaseTest.swift */; };
		D0BC583C27808CEC00979F2B /* LoginRepoMock.swift in Sources */ = {isa = PBXBuildFile; fileRef = D0BC583B27808CEC00979F2B /* LoginRepoMock.swift */; };
		D0BC583E2780923200979F2B /* CoreDataStorageTest.swift in Sources */ = {isa = PBXBuildFile; fileRef = D0BC583D2780923200979F2B /* CoreDataStorageTest.swift */; };
		D0BC5840278093E500979F2B /* CoreDataTestStack.swift in Sources */ = {isa = PBXBuildFile; fileRef = D0BC583F278093E500979F2B /* CoreDataTestStack.swift */; };
		D0BC58472782137B00979F2B /* LoginViewModelTest.swift in Sources */ = {isa = PBXBuildFile; fileRef = D0BC58462782137B00979F2B /* LoginViewModelTest.swift */; };
		D0BC58492782139000979F2B /* LoginUseCaseMock.swift in Sources */ = {isa = PBXBuildFile; fileRef = D0BC58482782139000979F2B /* LoginUseCaseMock.swift */; };
		D0EC43672773462800D840B5 /* AppDelegate.swift in Sources */ = {isa = PBXBuildFile; fileRef = D0EC43662773462800D840B5 /* AppDelegate.swift */; };
		D0EC43692773462800D840B5 /* SceneDelegate.swift in Sources */ = {isa = PBXBuildFile; fileRef = D0EC43682773462800D840B5 /* SceneDelegate.swift */; };
		D0EC436B2773462800D840B5 /* LoginViewController.swift in Sources */ = {isa = PBXBuildFile; fileRef = D0EC436A2773462800D840B5 /* LoginViewController.swift */; };
		D0EC436E2773462800D840B5 /* Main.storyboard in Resources */ = {isa = PBXBuildFile; fileRef = D0EC436C2773462800D840B5 /* Main.storyboard */; };
		D0EC43732773462A00D840B5 /* Assets.xcassets in Resources */ = {isa = PBXBuildFile; fileRef = D0EC43722773462A00D840B5 /* Assets.xcassets */; };
		D0EC43762773462A00D840B5 /* LaunchScreen.storyboard in Resources */ = {isa = PBXBuildFile; fileRef = D0EC43742773462A00D840B5 /* LaunchScreen.storyboard */; };
		D0EC43812773462B00D840B5 /* NewsAppTests.swift in Sources */ = {isa = PBXBuildFile; fileRef = D0EC43802773462B00D840B5 /* NewsAppTests.swift */; };
		D0EC438B2773462B00D840B5 /* NewsAppUITests.swift in Sources */ = {isa = PBXBuildFile; fileRef = D0EC438A2773462B00D840B5 /* NewsAppUITests.swift */; };
		D0EC438D2773462B00D840B5 /* NewsAppUITestsLaunchTests.swift in Sources */ = {isa = PBXBuildFile; fileRef = D0EC438C2773462B00D840B5 /* NewsAppUITestsLaunchTests.swift */; };
		D0EC439B277347C700D840B5 /* Alamofire in Frameworks */ = {isa = PBXBuildFile; productRef = D0EC439A277347C700D840B5 /* Alamofire */; };
		D0EC439E277347E000D840B5 /* RxCocoa in Frameworks */ = {isa = PBXBuildFile; productRef = D0EC439D277347E000D840B5 /* RxCocoa */; };
		D0EC43A0277347E000D840B5 /* RxSwift in Frameworks */ = {isa = PBXBuildFile; productRef = D0EC439F277347E000D840B5 /* RxSwift */; };
		D0EC43A32773482400D840B5 /* Kingfisher in Frameworks */ = {isa = PBXBuildFile; productRef = D0EC43A22773482400D840B5 /* Kingfisher */; };
		D0EC43AA277359CB00D840B5 /* TargetType.swift in Sources */ = {isa = PBXBuildFile; fileRef = D0EC43A9277359CB00D840B5 /* TargetType.swift */; };
		D0EC43AC277359FE00D840B5 /* BaseApi.swift in Sources */ = {isa = PBXBuildFile; fileRef = D0EC43AB277359FE00D840B5 /* BaseApi.swift */; };
		D0EC43AF27744F8400D840B5 /* UsersApi.swift in Sources */ = {isa = PBXBuildFile; fileRef = D0EC43AE27744F8400D840B5 /* UsersApi.swift */; };
		D0EC43B227745B2100D840B5 /* NewsNetworking.swift in Sources */ = {isa = PBXBuildFile; fileRef = D0EC43B127745B2100D840B5 /* NewsNetworking.swift */; };
		D0EC43B427745D7A00D840B5 /* NewsApi.swift in Sources */ = {isa = PBXBuildFile; fileRef = D0EC43B327745D7A00D840B5 /* NewsApi.swift */; };
		D0EC43B927746E4E00D840B5 /* UserNetworking.swift in Sources */ = {isa = PBXBuildFile; fileRef = D0EC43B827746E4E00D840B5 /* UserNetworking.swift */; };
		D0EC43BB277470A700D840B5 /* UserModel.swift in Sources */ = {isa = PBXBuildFile; fileRef = D0EC43BA277470A700D840B5 /* UserModel.swift */; };
		D0EC43C12774771200D840B5 /* NewsModel.swift in Sources */ = {isa = PBXBuildFile; fileRef = D0EC43C02774771200D840B5 /* NewsModel.swift */; };
		D0EC43D027747A3200D840B5 /* stup.json in Resources */ = {isa = PBXBuildFile; fileRef = D0EC43CF27747A3200D840B5 /* stup.json */; };
		D0EC43D527747DA000D840B5 /* StupGenerator.swift in Sources */ = {isa = PBXBuildFile; fileRef = D0EC43D427747DA000D840B5 /* StupGenerator.swift */; };
		D0EC43E02774946800D840B5 /* loginRepo.swift in Sources */ = {isa = PBXBuildFile; fileRef = D0EC43DF2774946800D840B5 /* loginRepo.swift */; };
		D0EC43E427749FFD00D840B5 /* LoginUseCase.swift in Sources */ = {isa = PBXBuildFile; fileRef = D0EC43E327749FFD00D840B5 /* LoginUseCase.swift */; };
		D0EC43E72774A57600D840B5 /* LoginViewModel.swift in Sources */ = {isa = PBXBuildFile; fileRef = D0EC43E62774A57600D840B5 /* LoginViewModel.swift */; };
		D0EC43ED2779A33900D840B5 /* UserCache.swift in Sources */ = {isa = PBXBuildFile; fileRef = D0EC43EC2779A33900D840B5 /* UserCache.swift */; };
		D0EC43EF2779A4D900D840B5 /* CoreDataStorage.swift in Sources */ = {isa = PBXBuildFile; fileRef = D0EC43EE2779A4D900D840B5 /* CoreDataStorage.swift */; };
		D0F3A5062788858200CCC982 /* HomeViewModel.swift in Sources */ = {isa = PBXBuildFile; fileRef = D0F3A5052788858200CCC982 /* HomeViewModel.swift */; };
/* End PBXBuildFile section */

/* Begin PBXContainerItemProxy section */
		D0EC437D2773462B00D840B5 /* PBXContainerItemProxy */ = {
			isa = PBXContainerItemProxy;
			containerPortal = D0EC435B2773462800D840B5 /* Project object */;
			proxyType = 1;
			remoteGlobalIDString = D0EC43622773462800D840B5;
			remoteInfo = NewsApp;
		};
		D0EC43872773462B00D840B5 /* PBXContainerItemProxy */ = {
			isa = PBXContainerItemProxy;
			containerPortal = D0EC435B2773462800D840B5 /* Project object */;
			proxyType = 1;
			remoteGlobalIDString = D0EC43622773462800D840B5;
			remoteInfo = NewsApp;
		};
/* End PBXContainerItemProxy section */

/* Begin PBXFileReference section */
		D022895A2788ADF6004FFF7E /* NewsRepo.swift */ = {isa = PBXFileReference; lastKnownFileType = sourcecode.swift; path = NewsRepo.swift; sourceTree = "<group>"; };
		D022895C2788AF7F004FFF7E /* NewsUseCase.swift */ = {isa = PBXFileReference; lastKnownFileType = sourcecode.swift; path = NewsUseCase.swift; sourceTree = "<group>"; };
		D0BC5828277B2A8D00979F2B /* NewsApp.xcdatamodel */ = {isa = PBXFileReference; lastKnownFileType = wrapper.xcdatamodel; path = NewsApp.xcdatamodel; sourceTree = "<group>"; };
		D0BC582C27804D8900979F2B /* LoginCoordinator.swift */ = {isa = PBXFileReference; lastKnownFileType = sourcecode.swift; path = LoginCoordinator.swift; sourceTree = "<group>"; };
		D0BC582F27804E0700979F2B /* HomeNewsVC.swift */ = {isa = PBXFileReference; lastKnownFileType = sourcecode.swift; path = HomeNewsVC.swift; sourceTree = "<group>"; };
		D0BC58312780565600979F2B /* AppCoordinator.swift */ = {isa = PBXFileReference; lastKnownFileType = sourcecode.swift; path = AppCoordinator.swift; sourceTree = "<group>"; };
		D0BC583527807BB700979F2B /* BaseApiTest.swift */ = {isa = PBXFileReference; lastKnownFileType = sourcecode.swift; path = BaseApiTest.swift; sourceTree = "<group>"; };
		D0BC583927808CAE00979F2B /* LoginUseCaseTest.swift */ = {isa = PBXFileReference; lastKnownFileType = sourcecode.swift; path = LoginUseCaseTest.swift; sourceTree = "<group>"; };
		D0BC583B27808CEC00979F2B /* LoginRepoMock.swift */ = {isa = PBXFileReference; lastKnownFileType = sourcecode.swift; path = LoginRepoMock.swift; sourceTree = "<group>"; };
		D0BC583D2780923200979F2B /* CoreDataStorageTest.swift */ = {isa = PBXFileReference; lastKnownFileType = sourcecode.swift; path = CoreDataStorageTest.swift; sourceTree = "<group>"; };
		D0BC583F278093E500979F2B /* CoreDataTestStack.swift */ = {isa = PBXFileReference; lastKnownFileType = sourcecode.swift; path = CoreDataTestStack.swift; sourceTree = "<group>"; };
		D0BC58462782137B00979F2B /* LoginViewModelTest.swift */ = {isa = PBXFileReference; lastKnownFileType = sourcecode.swift; path = LoginViewModelTest.swift; sourceTree = "<group>"; };
		D0BC58482782139000979F2B /* LoginUseCaseMock.swift */ = {isa = PBXFileReference; lastKnownFileType = sourcecode.swift; path = LoginUseCaseMock.swift; sourceTree = "<group>"; };
		D0EC43632773462800D840B5 /* NewsApp.app */ = {isa = PBXFileReference; explicitFileType = wrapper.application; includeInIndex = 0; path = NewsApp.app; sourceTree = BUILT_PRODUCTS_DIR; };
		D0EC43662773462800D840B5 /* AppDelegate.swift */ = {isa = PBXFileReference; lastKnownFileType = sourcecode.swift; path = AppDelegate.swift; sourceTree = "<group>"; };
		D0EC43682773462800D840B5 /* SceneDelegate.swift */ = {isa = PBXFileReference; lastKnownFileType = sourcecode.swift; path = SceneDelegate.swift; sourceTree = "<group>"; };
		D0EC436A2773462800D840B5 /* LoginViewController.swift */ = {isa = PBXFileReference; lastKnownFileType = sourcecode.swift; path = LoginViewController.swift; sourceTree = "<group>"; };
		D0EC436D2773462800D840B5 /* Base */ = {isa = PBXFileReference; lastKnownFileType = file.storyboard; name = Base; path = Base.lproj/Main.storyboard; sourceTree = "<group>"; };
		D0EC43722773462A00D840B5 /* Assets.xcassets */ = {isa = PBXFileReference; lastKnownFileType = folder.assetcatalog; path = Assets.xcassets; sourceTree = "<group>"; };
		D0EC43752773462A00D840B5 /* Base */ = {isa = PBXFileReference; lastKnownFileType = file.storyboard; name = Base; path = Base.lproj/LaunchScreen.storyboard; sourceTree = "<group>"; };
		D0EC43772773462A00D840B5 /* Info.plist */ = {isa = PBXFileReference; lastKnownFileType = text.plist.xml; path = Info.plist; sourceTree = "<group>"; };
		D0EC437C2773462B00D840B5 /* NewsAppTests.xctest */ = {isa = PBXFileReference; explicitFileType = wrapper.cfbundle; includeInIndex = 0; path = NewsAppTests.xctest; sourceTree = BUILT_PRODUCTS_DIR; };
		D0EC43802773462B00D840B5 /* NewsAppTests.swift */ = {isa = PBXFileReference; lastKnownFileType = sourcecode.swift; path = NewsAppTests.swift; sourceTree = "<group>"; };
		D0EC43862773462B00D840B5 /* NewsAppUITests.xctest */ = {isa = PBXFileReference; explicitFileType = wrapper.cfbundle; includeInIndex = 0; path = NewsAppUITests.xctest; sourceTree = BUILT_PRODUCTS_DIR; };
		D0EC438A2773462B00D840B5 /* NewsAppUITests.swift */ = {isa = PBXFileReference; lastKnownFileType = sourcecode.swift; path = NewsAppUITests.swift; sourceTree = "<group>"; };
		D0EC438C2773462B00D840B5 /* NewsAppUITestsLaunchTests.swift */ = {isa = PBXFileReference; lastKnownFileType = sourcecode.swift; path = NewsAppUITestsLaunchTests.swift; sourceTree = "<group>"; };
		D0EC43A9277359CB00D840B5 /* TargetType.swift */ = {isa = PBXFileReference; lastKnownFileType = sourcecode.swift; path = TargetType.swift; sourceTree = "<group>"; };
		D0EC43AB277359FE00D840B5 /* BaseApi.swift */ = {isa = PBXFileReference; lastKnownFileType = sourcecode.swift; path = BaseApi.swift; sourceTree = "<group>"; };
		D0EC43AE27744F8400D840B5 /* UsersApi.swift */ = {isa = PBXFileReference; lastKnownFileType = sourcecode.swift; path = UsersApi.swift; sourceTree = "<group>"; };
		D0EC43B127745B2100D840B5 /* NewsNetworking.swift */ = {isa = PBXFileReference; lastKnownFileType = sourcecode.swift; path = NewsNetworking.swift; sourceTree = "<group>"; };
		D0EC43B327745D7A00D840B5 /* NewsApi.swift */ = {isa = PBXFileReference; lastKnownFileType = sourcecode.swift; path = NewsApi.swift; sourceTree = "<group>"; };
		D0EC43B827746E4E00D840B5 /* UserNetworking.swift */ = {isa = PBXFileReference; lastKnownFileType = sourcecode.swift; path = UserNetworking.swift; sourceTree = "<group>"; };
		D0EC43BA277470A700D840B5 /* UserModel.swift */ = {isa = PBXFileReference; lastKnownFileType = sourcecode.swift; path = UserModel.swift; sourceTree = "<group>"; };
		D0EC43C02774771200D840B5 /* NewsModel.swift */ = {isa = PBXFileReference; lastKnownFileType = sourcecode.swift; path = NewsModel.swift; sourceTree = "<group>"; };
		D0EC43CF27747A3200D840B5 /* stup.json */ = {isa = PBXFileReference; lastKnownFileType = text.json; path = stup.json; sourceTree = "<group>"; };
		D0EC43D427747DA000D840B5 /* StupGenerator.swift */ = {isa = PBXFileReference; lastKnownFileType = sourcecode.swift; path = StupGenerator.swift; sourceTree = "<group>"; };
		D0EC43DF2774946800D840B5 /* loginRepo.swift */ = {isa = PBXFileReference; lastKnownFileType = sourcecode.swift; path = loginRepo.swift; sourceTree = "<group>"; };
		D0EC43E327749FFD00D840B5 /* LoginUseCase.swift */ = {isa = PBXFileReference; lastKnownFileType = sourcecode.swift; path = LoginUseCase.swift; sourceTree = "<group>"; };
		D0EC43E62774A57600D840B5 /* LoginViewModel.swift */ = {isa = PBXFileReference; lastKnownFileType = sourcecode.swift; path = LoginViewModel.swift; sourceTree = "<group>"; };
		D0EC43EC2779A33900D840B5 /* UserCache.swift */ = {isa = PBXFileReference; lastKnownFileType = sourcecode.swift; path = UserCache.swift; sourceTree = "<group>"; };
		D0EC43EE2779A4D900D840B5 /* CoreDataStorage.swift */ = {isa = PBXFileReference; lastKnownFileType = sourcecode.swift; path = CoreDataStorage.swift; sourceTree = "<group>"; };
		D0F3A5052788858200CCC982 /* HomeViewModel.swift */ = {isa = PBXFileReference; lastKnownFileType = sourcecode.swift; path = HomeViewModel.swift; sourceTree = "<group>"; };
/* End PBXFileReference section */

/* Begin PBXFrameworksBuildPhase section */
		D0EC43602773462800D840B5 /* Frameworks */ = {
			isa = PBXFrameworksBuildPhase;
			buildActionMask = 2147483647;
			files = (
				D0EC43A32773482400D840B5 /* Kingfisher in Frameworks */,
				D0EC43A0277347E000D840B5 /* RxSwift in Frameworks */,
				D0EC439E277347E000D840B5 /* RxCocoa in Frameworks */,
				D0EC439B277347C700D840B5 /* Alamofire in Frameworks */,
			);
			runOnlyForDeploymentPostprocessing = 0;
		};
		D0EC43792773462B00D840B5 /* Frameworks */ = {
			isa = PBXFrameworksBuildPhase;
			buildActionMask = 2147483647;
			files = (
			);
			runOnlyForDeploymentPostprocessing = 0;
		};
		D0EC43832773462B00D840B5 /* Frameworks */ = {
			isa = PBXFrameworksBuildPhase;
			buildActionMask = 2147483647;
			files = (
			);
			runOnlyForDeploymentPostprocessing = 0;
		};
/* End PBXFrameworksBuildPhase section */

/* Begin PBXGroup section */
		D0BC582E27804DDA00979F2B /* Home */ = {
			isa = PBXGroup;
			children = (
				D0BC582F27804E0700979F2B /* HomeNewsVC.swift */,
				D0F3A5052788858200CCC982 /* HomeViewModel.swift */,
			);
			path = Home;
			sourceTree = "<group>";
		};
		D0BC583727807BE000979F2B /* Bundels+extentions+helpers */ = {
			isa = PBXGroup;
			children = (
				D0BC583F278093E500979F2B /* CoreDataTestStack.swift */,
				D0EC43D427747DA000D840B5 /* StupGenerator.swift */,
			);
			path = "Bundels+extentions+helpers";
			sourceTree = "<group>";
		};
		D0BC58412781F54200979F2B /* UseCaseTests */ = {
			isa = PBXGroup;
			children = (
				D0BC583927808CAE00979F2B /* LoginUseCaseTest.swift */,
			);
			path = UseCaseTests;
			sourceTree = "<group>";
		};
		D0BC58422781F55D00979F2B /* store */ = {
			isa = PBXGroup;
			children = (
				D0BC58442781F57500979F2B /* Network */,
				D0BC58432781F56800979F2B /* Cache */,
			);
			path = store;
			sourceTree = "<group>";
		};
		D0BC58432781F56800979F2B /* Cache */ = {
			isa = PBXGroup;
			children = (
				D0BC583D2780923200979F2B /* CoreDataStorageTest.swift */,
			);
			path = Cache;
			sourceTree = "<group>";
		};
		D0BC58442781F57500979F2B /* Network */ = {
			isa = PBXGroup;
			children = (
				D0BC583527807BB700979F2B /* BaseApiTest.swift */,
			);
			path = Network;
			sourceTree = "<group>";
		};
		D0BC58452781F58500979F2B /* Mocks */ = {
			isa = PBXGroup;
			children = (
				D0BC583B27808CEC00979F2B /* LoginRepoMock.swift */,
				D0BC58482782139000979F2B /* LoginUseCaseMock.swift */,
			);
			path = Mocks;
			sourceTree = "<group>";
		};
		D0EC435A2773462800D840B5 = {
			isa = PBXGroup;
			children = (
				D0EC43652773462800D840B5 /* NewsApp */,
				D0EC437F2773462B00D840B5 /* NewsAppTests */,
				D0EC43892773462B00D840B5 /* NewsAppUITests */,
				D0EC43642773462800D840B5 /* Products */,
			);
			sourceTree = "<group>";
		};
		D0EC43642773462800D840B5 /* Products */ = {
			isa = PBXGroup;
			children = (
				D0EC43632773462800D840B5 /* NewsApp.app */,
				D0EC437C2773462B00D840B5 /* NewsAppTests.xctest */,
				D0EC43862773462B00D840B5 /* NewsAppUITests.xctest */,
			);
			name = Products;
			sourceTree = "<group>";
		};
		D0EC43652773462800D840B5 /* NewsApp */ = {
			isa = PBXGroup;
			children = (
				D0EC43A62773557000D840B5 /* Store */,
				D0EC43A52773556800D840B5 /* Core */,
				D0EC43A4277354AA00D840B5 /* presentation */,
				D0EC43662773462800D840B5 /* AppDelegate.swift */,
				D0EC43682773462800D840B5 /* SceneDelegate.swift */,
				D0EC436C2773462800D840B5 /* Main.storyboard */,
				D0EC43722773462A00D840B5 /* Assets.xcassets */,
				D0EC43742773462A00D840B5 /* LaunchScreen.storyboard */,
				D0EC43772773462A00D840B5 /* Info.plist */,
			);
			path = NewsApp;
			sourceTree = "<group>";
		};
		D0EC437F2773462B00D840B5 /* NewsAppTests */ = {
			isa = PBXGroup;
			children = (
				D0BC58452781F58500979F2B /* Mocks */,
				D0BC58422781F55D00979F2B /* store */,
				D0BC58412781F54200979F2B /* UseCaseTests */,
				D0EC43CF27747A3200D840B5 /* stup.json */,
				D0BC583727807BE000979F2B /* Bundels+extentions+helpers */,
				D0EC43802773462B00D840B5 /* NewsAppTests.swift */,
				D0BC58462782137B00979F2B /* LoginViewModelTest.swift */,
			);
			path = NewsAppTests;
			sourceTree = "<group>";
		};
		D0EC43892773462B00D840B5 /* NewsAppUITests */ = {
			isa = PBXGroup;
			children = (
				D0EC438A2773462B00D840B5 /* NewsAppUITests.swift */,
				D0EC438C2773462B00D840B5 /* NewsAppUITestsLaunchTests.swift */,
			);
			path = NewsAppUITests;
			sourceTree = "<group>";
		};
		D0EC43A4277354AA00D840B5 /* presentation */ = {
			isa = PBXGroup;
			children = (
				D0BC582E27804DDA00979F2B /* Home */,
				D0EC43E52774A2BA00D840B5 /* Login */,
				D0BC58312780565600979F2B /* AppCoordinator.swift */,
			);
			path = presentation;
			sourceTree = "<group>";
		};
		D0EC43A52773556800D840B5 /* Core */ = {
			isa = PBXGroup;
			children = (
				D0EC43E227749AED00D840B5 /* UseCases */,
				D0EC43DC2774910100D840B5 /* Repo */,
				D0EC43B527745F2C00D840B5 /* Entity */,
			);
			path = Core;
			sourceTree = "<group>";
		};
		D0EC43A62773557000D840B5 /* Store */ = {
			isa = PBXGroup;
			children = (
				D0EC43A82773559600D840B5 /* Cache */,
				D0EC43A72773558300D840B5 /* Network */,
			);
			path = Store;
			sourceTree = "<group>";
		};
		D0EC43A72773558300D840B5 /* Network */ = {
			isa = PBXGroup;
			children = (
				D0EC43E12774967100D840B5 /* Routers */,
				D0EC43B027745B0B00D840B5 /* News */,
				D0EC43AD27744F7900D840B5 /* Users */,
				D0EC43A9277359CB00D840B5 /* TargetType.swift */,
				D0EC43AB277359FE00D840B5 /* BaseApi.swift */,
			);
			path = Network;
			sourceTree = "<group>";
		};
		D0EC43A82773559600D840B5 /* Cache */ = {
			isa = PBXGroup;
			children = (
				D0EC43EB2779A32A00D840B5 /* Models */,
				D0EC43EE2779A4D900D840B5 /* CoreDataStorage.swift */,
				D0BC5827277B2A8D00979F2B /* NewsApp.xcdatamodeld */,
			);
			path = Cache;
			sourceTree = "<group>";
		};
		D0EC43AD27744F7900D840B5 /* Users */ = {
			isa = PBXGroup;
			children = (
				D0EC43AE27744F8400D840B5 /* UsersApi.swift */,
			);
			path = Users;
			sourceTree = "<group>";
		};
		D0EC43B027745B0B00D840B5 /* News */ = {
			isa = PBXGroup;
			children = (
				D0EC43B327745D7A00D840B5 /* NewsApi.swift */,
			);
			path = News;
			sourceTree = "<group>";
		};
		D0EC43B527745F2C00D840B5 /* Entity */ = {
			isa = PBXGroup;
			children = (
				D0EC43BA277470A700D840B5 /* UserModel.swift */,
				D0EC43C02774771200D840B5 /* NewsModel.swift */,
			);
			path = Entity;
			sourceTree = "<group>";
		};
		D0EC43DC2774910100D840B5 /* Repo */ = {
			isa = PBXGroup;
			children = (
				D0EC43DF2774946800D840B5 /* loginRepo.swift */,
				D022895A2788ADF6004FFF7E /* NewsRepo.swift */,
			);
			path = Repo;
			sourceTree = "<group>";
		};
		D0EC43E12774967100D840B5 /* Routers */ = {
			isa = PBXGroup;
			children = (
				D0EC43B827746E4E00D840B5 /* UserNetworking.swift */,
				D0EC43B127745B2100D840B5 /* NewsNetworking.swift */,
			);
			path = Routers;
			sourceTree = "<group>";
		};
		D0EC43E227749AED00D840B5 /* UseCases */ = {
			isa = PBXGroup;
			children = (
				D0EC43E327749FFD00D840B5 /* LoginUseCase.swift */,
				D022895C2788AF7F004FFF7E /* NewsUseCase.swift */,
			);
			path = UseCases;
			sourceTree = "<group>";
		};
		D0EC43E52774A2BA00D840B5 /* Login */ = {
			isa = PBXGroup;
			children = (
				D0EC436A2773462800D840B5 /* LoginViewController.swift */,
				D0EC43E62774A57600D840B5 /* LoginViewModel.swift */,
				D0BC582C27804D8900979F2B /* LoginCoordinator.swift */,
			);
			path = Login;
			sourceTree = "<group>";
		};
		D0EC43EB2779A32A00D840B5 /* Models */ = {
			isa = PBXGroup;
			children = (
				D0EC43EC2779A33900D840B5 /* UserCache.swift */,
			);
			path = Models;
			sourceTree = "<group>";
		};
/* End PBXGroup section */

/* Begin PBXNativeTarget section */
		D0EC43622773462800D840B5 /* NewsApp */ = {
			isa = PBXNativeTarget;
			buildConfigurationList = D0EC43902773462B00D840B5 /* Build configuration list for PBXNativeTarget "NewsApp" */;
			buildPhases = (
				D0EC435F2773462800D840B5 /* Sources */,
				D0EC43602773462800D840B5 /* Frameworks */,
				D0EC43612773462800D840B5 /* Resources */,
			);
			buildRules = (
			);
			dependencies = (
			);
			name = NewsApp;
			packageProductDependencies = (
				D0EC439A277347C700D840B5 /* Alamofire */,
				D0EC439D277347E000D840B5 /* RxCocoa */,
				D0EC439F277347E000D840B5 /* RxSwift */,
				D0EC43A22773482400D840B5 /* Kingfisher */,
			);
			productName = NewsApp;
			productReference = D0EC43632773462800D840B5 /* NewsApp.app */;
			productType = "com.apple.product-type.application";
		};
		D0EC437B2773462B00D840B5 /* NewsAppTests */ = {
			isa = PBXNativeTarget;
			buildConfigurationList = D0EC43932773462B00D840B5 /* Build configuration list for PBXNativeTarget "NewsAppTests" */;
			buildPhases = (
				D0EC43782773462B00D840B5 /* Sources */,
				D0EC43792773462B00D840B5 /* Frameworks */,
				D0EC437A2773462B00D840B5 /* Resources */,
			);
			buildRules = (
			);
			dependencies = (
				D0EC437E2773462B00D840B5 /* PBXTargetDependency */,
			);
			name = NewsAppTests;
			productName = NewsAppTests;
			productReference = D0EC437C2773462B00D840B5 /* NewsAppTests.xctest */;
			productType = "com.apple.product-type.bundle.unit-test";
		};
		D0EC43852773462B00D840B5 /* NewsAppUITests */ = {
			isa = PBXNativeTarget;
			buildConfigurationList = D0EC43962773462B00D840B5 /* Build configuration list for PBXNativeTarget "NewsAppUITests" */;
			buildPhases = (
				D0EC43822773462B00D840B5 /* Sources */,
				D0EC43832773462B00D840B5 /* Frameworks */,
				D0EC43842773462B00D840B5 /* Resources */,
			);
			buildRules = (
			);
			dependencies = (
				D0EC43882773462B00D840B5 /* PBXTargetDependency */,
			);
			name = NewsAppUITests;
			productName = NewsAppUITests;
			productReference = D0EC43862773462B00D840B5 /* NewsAppUITests.xctest */;
			productType = "com.apple.product-type.bundle.ui-testing";
		};
/* End PBXNativeTarget section */

/* Begin PBXProject section */
		D0EC435B2773462800D840B5 /* Project object */ = {
			isa = PBXProject;
			attributes = {
				BuildIndependentTargetsInParallel = 1;
				LastSwiftUpdateCheck = 1320;
				LastUpgradeCheck = 1320;
				TargetAttributes = {
					D0EC43622773462800D840B5 = {
						CreatedOnToolsVersion = 13.2.1;
					};
					D0EC437B2773462B00D840B5 = {
						CreatedOnToolsVersion = 13.2.1;
						TestTargetID = D0EC43622773462800D840B5;
					};
					D0EC43852773462B00D840B5 = {
						CreatedOnToolsVersion = 13.2.1;
						TestTargetID = D0EC43622773462800D840B5;
					};
				};
			};
			buildConfigurationList = D0EC435E2773462800D840B5 /* Build configuration list for PBXProject "NewsApp" */;
			compatibilityVersion = "Xcode 13.0";
			developmentRegion = en;
			hasScannedForEncodings = 0;
			knownRegions = (
				en,
				Base,
			);
			mainGroup = D0EC435A2773462800D840B5;
			packageReferences = (
				D0EC4399277347C700D840B5 /* XCRemoteSwiftPackageReference "Alamofire" */,
				D0EC439C277347E000D840B5 /* XCRemoteSwiftPackageReference "RxSwift" */,
				D0EC43A12773482400D840B5 /* XCRemoteSwiftPackageReference "Kingfisher" */,
			);
			productRefGroup = D0EC43642773462800D840B5 /* Products */;
			projectDirPath = "";
			projectRoot = "";
			targets = (
				D0EC43622773462800D840B5 /* NewsApp */,
				D0EC437B2773462B00D840B5 /* NewsAppTests */,
				D0EC43852773462B00D840B5 /* NewsAppUITests */,
			);
		};
/* End PBXProject section */

/* Begin PBXResourcesBuildPhase section */
		D0EC43612773462800D840B5 /* Resources */ = {
			isa = PBXResourcesBuildPhase;
			buildActionMask = 2147483647;
			files = (
				D0BC58382780859600979F2B /* stup.json in Resources */,
				D0EC43762773462A00D840B5 /* LaunchScreen.storyboard in Resources */,
				D0EC43732773462A00D840B5 /* Assets.xcassets in Resources */,
				D0EC436E2773462800D840B5 /* Main.storyboard in Resources */,
			);
			runOnlyForDeploymentPostprocessing = 0;
		};
		D0EC437A2773462B00D840B5 /* Resources */ = {
			isa = PBXResourcesBuildPhase;
			buildActionMask = 2147483647;
			files = (
				D0EC43D027747A3200D840B5 /* stup.json in Resources */,
			);
			runOnlyForDeploymentPostprocessing = 0;
		};
		D0EC43842773462B00D840B5 /* Resources */ = {
			isa = PBXResourcesBuildPhase;
			buildActionMask = 2147483647;
			files = (
			);
			runOnlyForDeploymentPostprocessing = 0;
		};
/* End PBXResourcesBuildPhase section */

/* Begin PBXSourcesBuildPhase section */
		D0EC435F2773462800D840B5 /* Sources */ = {
			isa = PBXSourcesBuildPhase;
			buildActionMask = 2147483647;
			files = (
				D0EC43AA277359CB00D840B5 /* TargetType.swift in Sources */,
				D0EC43B927746E4E00D840B5 /* UserNetworking.swift in Sources */,
				D0EC436B2773462800D840B5 /* LoginViewController.swift in Sources */,
				D0EC43AF27744F8400D840B5 /* UsersApi.swift in Sources */,
				D0BC5829277B2A8D00979F2B /* NewsApp.xcdatamodeld in Sources */,
				D0EC43E72774A57600D840B5 /* LoginViewModel.swift in Sources */,
				D0BC582D27804D8900979F2B /* LoginCoordinator.swift in Sources */,
				D0EC43672773462800D840B5 /* AppDelegate.swift in Sources */,
				D0EC43B227745B2100D840B5 /* NewsNetworking.swift in Sources */,
				D0EC43E02774946800D840B5 /* loginRepo.swift in Sources */,
				D0BC583027804E0700979F2B /* HomeNewsVC.swift in Sources */,
				D022895D2788AF7F004FFF7E /* NewsUseCase.swift in Sources */,
				D0EC43C12774771200D840B5 /* NewsModel.swift in Sources */,
				D0EC43BB277470A700D840B5 /* UserModel.swift in Sources */,
				D0BC58322780565600979F2B /* AppCoordinator.swift in Sources */,
				D022895B2788ADF6004FFF7E /* NewsRepo.swift in Sources */,
				D0EC43EF2779A4D900D840B5 /* CoreDataStorage.swift in Sources */,
				D0EC43692773462800D840B5 /* SceneDelegate.swift in Sources */,
				D0F3A5062788858200CCC982 /* HomeViewModel.swift in Sources */,
				D0EC43B427745D7A00D840B5 /* NewsApi.swift in Sources */,
				D0EC43ED2779A33900D840B5 /* UserCache.swift in Sources */,
				D0EC43AC277359FE00D840B5 /* BaseApi.swift in Sources */,
				D0EC43E427749FFD00D840B5 /* LoginUseCase.swift in Sources */,
			);
			runOnlyForDeploymentPostprocessing = 0;
		};
		D0EC43782773462B00D840B5 /* Sources */ = {
			isa = PBXSourcesBuildPhase;
			buildActionMask = 2147483647;
			files = (
				D0BC58472782137B00979F2B /* LoginViewModelTest.swift in Sources */,
				D0BC583627807BB700979F2B /* BaseApiTest.swift in Sources */,
				D0EC43D527747DA000D840B5 /* StupGenerator.swift in Sources */,
				D0BC583C27808CEC00979F2B /* LoginRepoMock.swift in Sources */,
				D0BC5840278093E500979F2B /* CoreDataTestStack.swift in Sources */,
				D0EC43812773462B00D840B5 /* NewsAppTests.swift in Sources */,
				D0BC583E2780923200979F2B /* CoreDataStorageTest.swift in Sources */,
				D0BC583A27808CAE00979F2B /* LoginUseCaseTest.swift in Sources */,
				D0BC58492782139000979F2B /* LoginUseCaseMock.swift in Sources */,
			);
			runOnlyForDeploymentPostprocessing = 0;
		};
		D0EC43822773462B00D840B5 /* Sources */ = {
			isa = PBXSourcesBuildPhase;
			buildActionMask = 2147483647;
			files = (
				D0EC438B2773462B00D840B5 /* NewsAppUITests.swift in Sources */,
				D0EC438D2773462B00D840B5 /* NewsAppUITestsLaunchTests.swift in Sources */,
			);
			runOnlyForDeploymentPostprocessing = 0;
		};
/* End PBXSourcesBuildPhase section */

/* Begin PBXTargetDependency section */
		D0EC437E2773462B00D840B5 /* PBXTargetDependency */ = {
			isa = PBXTargetDependency;
			target = D0EC43622773462800D840B5 /* NewsApp */;
			targetProxy = D0EC437D2773462B00D840B5 /* PBXContainerItemProxy */;
		};
		D0EC43882773462B00D840B5 /* PBXTargetDependency */ = {
			isa = PBXTargetDependency;
			target = D0EC43622773462800D840B5 /* NewsApp */;
			targetProxy = D0EC43872773462B00D840B5 /* PBXContainerItemProxy */;
		};
/* End PBXTargetDependency section */

/* Begin PBXVariantGroup section */
		D0EC436C2773462800D840B5 /* Main.storyboard */ = {
			isa = PBXVariantGroup;
			children = (
				D0EC436D2773462800D840B5 /* Base */,
			);
			name = Main.storyboard;
			sourceTree = "<group>";
		};
		D0EC43742773462A00D840B5 /* LaunchScreen.storyboard */ = {
			isa = PBXVariantGroup;
			children = (
				D0EC43752773462A00D840B5 /* Base */,
			);
			name = LaunchScreen.storyboard;
			sourceTree = "<group>";
		};
/* End PBXVariantGroup section */

/* Begin XCBuildConfiguration section */
		D0EC438E2773462B00D840B5 /* Debug */ = {
			isa = XCBuildConfiguration;
			buildSettings = {
				ALWAYS_SEARCH_USER_PATHS = NO;
				CLANG_ANALYZER_NONNULL = YES;
				CLANG_ANALYZER_NUMBER_OBJECT_CONVERSION = YES_AGGRESSIVE;
				CLANG_CXX_LANGUAGE_STANDARD = "gnu++17";
				CLANG_CXX_LIBRARY = "libc++";
				CLANG_ENABLE_MODULES = YES;
				CLANG_ENABLE_OBJC_ARC = YES;
				CLANG_ENABLE_OBJC_WEAK = YES;
				CLANG_WARN_BLOCK_CAPTURE_AUTORELEASING = YES;
				CLANG_WARN_BOOL_CONVERSION = YES;
				CLANG_WARN_COMMA = YES;
				CLANG_WARN_CONSTANT_CONVERSION = YES;
				CLANG_WARN_DEPRECATED_OBJC_IMPLEMENTATIONS = YES;
				CLANG_WARN_DIRECT_OBJC_ISA_USAGE = YES_ERROR;
				CLANG_WARN_DOCUMENTATION_COMMENTS = YES;
				CLANG_WARN_EMPTY_BODY = YES;
				CLANG_WARN_ENUM_CONVERSION = YES;
				CLANG_WARN_INFINITE_RECURSION = YES;
				CLANG_WARN_INT_CONVERSION = YES;
				CLANG_WARN_NON_LITERAL_NULL_CONVERSION = YES;
				CLANG_WARN_OBJC_IMPLICIT_RETAIN_SELF = YES;
				CLANG_WARN_OBJC_LITERAL_CONVERSION = YES;
				CLANG_WARN_OBJC_ROOT_CLASS = YES_ERROR;
				CLANG_WARN_QUOTED_INCLUDE_IN_FRAMEWORK_HEADER = YES;
				CLANG_WARN_RANGE_LOOP_ANALYSIS = YES;
				CLANG_WARN_STRICT_PROTOTYPES = YES;
				CLANG_WARN_SUSPICIOUS_MOVE = YES;
				CLANG_WARN_UNGUARDED_AVAILABILITY = YES_AGGRESSIVE;
				CLANG_WARN_UNREACHABLE_CODE = YES;
				CLANG_WARN__DUPLICATE_METHOD_MATCH = YES;
				COPY_PHASE_STRIP = NO;
				DEBUG_INFORMATION_FORMAT = dwarf;
				ENABLE_STRICT_OBJC_MSGSEND = YES;
				ENABLE_TESTABILITY = YES;
				GCC_C_LANGUAGE_STANDARD = gnu11;
				GCC_DYNAMIC_NO_PIC = NO;
				GCC_NO_COMMON_BLOCKS = YES;
				GCC_OPTIMIZATION_LEVEL = 0;
				GCC_PREPROCESSOR_DEFINITIONS = (
					"DEBUG=1",
					"$(inherited)",
				);
				GCC_WARN_64_TO_32_BIT_CONVERSION = YES;
				GCC_WARN_ABOUT_RETURN_TYPE = YES_ERROR;
				GCC_WARN_UNDECLARED_SELECTOR = YES;
				GCC_WARN_UNINITIALIZED_AUTOS = YES_AGGRESSIVE;
				GCC_WARN_UNUSED_FUNCTION = YES;
				GCC_WARN_UNUSED_VARIABLE = YES;
				IPHONEOS_DEPLOYMENT_TARGET = 15.2;
				MTL_ENABLE_DEBUG_INFO = INCLUDE_SOURCE;
				MTL_FAST_MATH = YES;
				ONLY_ACTIVE_ARCH = YES;
				SDKROOT = iphoneos;
				SWIFT_ACTIVE_COMPILATION_CONDITIONS = DEBUG;
				SWIFT_OPTIMIZATION_LEVEL = "-Onone";
			};
			name = Debug;
		};
		D0EC438F2773462B00D840B5 /* Release */ = {
			isa = XCBuildConfiguration;
			buildSettings = {
				ALWAYS_SEARCH_USER_PATHS = NO;
				CLANG_ANALYZER_NONNULL = YES;
				CLANG_ANALYZER_NUMBER_OBJECT_CONVERSION = YES_AGGRESSIVE;
				CLANG_CXX_LANGUAGE_STANDARD = "gnu++17";
				CLANG_CXX_LIBRARY = "libc++";
				CLANG_ENABLE_MODULES = YES;
				CLANG_ENABLE_OBJC_ARC = YES;
				CLANG_ENABLE_OBJC_WEAK = YES;
				CLANG_WARN_BLOCK_CAPTURE_AUTORELEASING = YES;
				CLANG_WARN_BOOL_CONVERSION = YES;
				CLANG_WARN_COMMA = YES;
				CLANG_WARN_CONSTANT_CONVERSION = YES;
				CLANG_WARN_DEPRECATED_OBJC_IMPLEMENTATIONS = YES;
				CLANG_WARN_DIRECT_OBJC_ISA_USAGE = YES_ERROR;
				CLANG_WARN_DOCUMENTATION_COMMENTS = YES;
				CLANG_WARN_EMPTY_BODY = YES;
				CLANG_WARN_ENUM_CONVERSION = YES;
				CLANG_WARN_INFINITE_RECURSION = YES;
				CLANG_WARN_INT_CONVERSION = YES;
				CLANG_WARN_NON_LITERAL_NULL_CONVERSION = YES;
				CLANG_WARN_OBJC_IMPLICIT_RETAIN_SELF = YES;
				CLANG_WARN_OBJC_LITERAL_CONVERSION = YES;
				CLANG_WARN_OBJC_ROOT_CLASS = YES_ERROR;
				CLANG_WARN_QUOTED_INCLUDE_IN_FRAMEWORK_HEADER = YES;
				CLANG_WARN_RANGE_LOOP_ANALYSIS = YES;
				CLANG_WARN_STRICT_PROTOTYPES = YES;
				CLANG_WARN_SUSPICIOUS_MOVE = YES;
				CLANG_WARN_UNGUARDED_AVAILABILITY = YES_AGGRESSIVE;
				CLANG_WARN_UNREACHABLE_CODE = YES;
				CLANG_WARN__DUPLICATE_METHOD_MATCH = YES;
				COPY_PHASE_STRIP = NO;
				DEBUG_INFORMATION_FORMAT = "dwarf-with-dsym";
				ENABLE_NS_ASSERTIONS = NO;
				ENABLE_STRICT_OBJC_MSGSEND = YES;
				GCC_C_LANGUAGE_STANDARD = gnu11;
				GCC_NO_COMMON_BLOCKS = YES;
				GCC_WARN_64_TO_32_BIT_CONVERSION = YES;
				GCC_WARN_ABOUT_RETURN_TYPE = YES_ERROR;
				GCC_WARN_UNDECLARED_SELECTOR = YES;
				GCC_WARN_UNINITIALIZED_AUTOS = YES_AGGRESSIVE;
				GCC_WARN_UNUSED_FUNCTION = YES;
				GCC_WARN_UNUSED_VARIABLE = YES;
				IPHONEOS_DEPLOYMENT_TARGET = 15.2;
				MTL_ENABLE_DEBUG_INFO = NO;
				MTL_FAST_MATH = YES;
				SDKROOT = iphoneos;
				SWIFT_COMPILATION_MODE = wholemodule;
				SWIFT_OPTIMIZATION_LEVEL = "-O";
				VALIDATE_PRODUCT = YES;
			};
			name = Release;
		};
		D0EC43912773462B00D840B5 /* Debug */ = {
			isa = XCBuildConfiguration;
			buildSettings = {
				ASSETCATALOG_COMPILER_APPICON_NAME = AppIcon;
				ASSETCATALOG_COMPILER_GLOBAL_ACCENT_COLOR_NAME = AccentColor;
				CODE_SIGN_STYLE = Automatic;
				CURRENT_PROJECT_VERSION = 1;
				DEVELOPMENT_TEAM = 7Z6V95G685;
				GENERATE_INFOPLIST_FILE = YES;
				INFOPLIST_FILE = NewsApp/Info.plist;
				INFOPLIST_KEY_LSApplicationCategoryType = "";
				INFOPLIST_KEY_UIApplicationSupportsIndirectInputEvents = YES;
				INFOPLIST_KEY_UILaunchStoryboardName = LaunchScreen;
				INFOPLIST_KEY_UIMainStoryboardFile = "";
				INFOPLIST_KEY_UISupportedInterfaceOrientations = UIInterfaceOrientationPortrait;
				INFOPLIST_KEY_UISupportedInterfaceOrientations_iPad = "UIInterfaceOrientationPortrait UIInterfaceOrientationPortraitUpsideDown UIInterfaceOrientationLandscapeLeft UIInterfaceOrientationLandscapeRight";
				INFOPLIST_KEY_UISupportedInterfaceOrientations_iPhone = "UIInterfaceOrientationPortrait UIInterfaceOrientationLandscapeLeft UIInterfaceOrientationLandscapeRight";
				LD_RUNPATH_SEARCH_PATHS = (
					"$(inherited)",
					"@executable_path/Frameworks",
				);
				MARKETING_VERSION = 1.0;
				PRODUCT_BUNDLE_IDENTIFIER = news.NewsApp;
				PRODUCT_NAME = "$(TARGET_NAME)";
				SWIFT_EMIT_LOC_STRINGS = YES;
				SWIFT_VERSION = 5.0;
				TARGETED_DEVICE_FAMILY = "1,2";
			};
			name = Debug;
		};
		D0EC43922773462B00D840B5 /* Release */ = {
			isa = XCBuildConfiguration;
			buildSettings = {
				ASSETCATALOG_COMPILER_APPICON_NAME = AppIcon;
				ASSETCATALOG_COMPILER_GLOBAL_ACCENT_COLOR_NAME = AccentColor;
				CODE_SIGN_STYLE = Automatic;
				CURRENT_PROJECT_VERSION = 1;
				DEVELOPMENT_TEAM = 7Z6V95G685;
				GENERATE_INFOPLIST_FILE = YES;
				INFOPLIST_FILE = NewsApp/Info.plist;
				INFOPLIST_KEY_LSApplicationCategoryType = "";
				INFOPLIST_KEY_UIApplicationSupportsIndirectInputEvents = YES;
				INFOPLIST_KEY_UILaunchStoryboardName = LaunchScreen;
				INFOPLIST_KEY_UIMainStoryboardFile = "";
				INFOPLIST_KEY_UISupportedInterfaceOrientations = UIInterfaceOrientationPortrait;
				INFOPLIST_KEY_UISupportedInterfaceOrientations_iPad = "UIInterfaceOrientationPortrait UIInterfaceOrientationPortraitUpsideDown UIInterfaceOrientationLandscapeLeft UIInterfaceOrientationLandscapeRight";
				INFOPLIST_KEY_UISupportedInterfaceOrientations_iPhone = "UIInterfaceOrientationPortrait UIInterfaceOrientationLandscapeLeft UIInterfaceOrientationLandscapeRight";
				LD_RUNPATH_SEARCH_PATHS = (
					"$(inherited)",
					"@executable_path/Frameworks",
				);
				MARKETING_VERSION = 1.0;
				PRODUCT_BUNDLE_IDENTIFIER = news.NewsApp;
				PRODUCT_NAME = "$(TARGET_NAME)";
				SWIFT_EMIT_LOC_STRINGS = YES;
				SWIFT_VERSION = 5.0;
				TARGETED_DEVICE_FAMILY = "1,2";
			};
			name = Release;
		};
		D0EC43942773462B00D840B5 /* Debug */ = {
			isa = XCBuildConfiguration;
			buildSettings = {
				ALWAYS_EMBED_SWIFT_STANDARD_LIBRARIES = YES;
				BUNDLE_LOADER = "$(TEST_HOST)";
				CODE_SIGN_STYLE = Automatic;
				CURRENT_PROJECT_VERSION = 1;
				DEVELOPMENT_TEAM = 7Z6V95G685;
				GENERATE_INFOPLIST_FILE = YES;
				IPHONEOS_DEPLOYMENT_TARGET = 15.2;
				MARKETING_VERSION = 1.0;
				PRODUCT_BUNDLE_IDENTIFIER = news.NewsAppTests;
				PRODUCT_NAME = "$(TARGET_NAME)";
				SWIFT_EMIT_LOC_STRINGS = NO;
				SWIFT_VERSION = 5.0;
				TARGETED_DEVICE_FAMILY = "1,2";
				TEST_HOST = "$(BUILT_PRODUCTS_DIR)/NewsApp.app/NewsApp";
			};
			name = Debug;
		};
		D0EC43952773462B00D840B5 /* Release */ = {
			isa = XCBuildConfiguration;
			buildSettings = {
				ALWAYS_EMBED_SWIFT_STANDARD_LIBRARIES = YES;
				BUNDLE_LOADER = "$(TEST_HOST)";
				CODE_SIGN_STYLE = Automatic;
				CURRENT_PROJECT_VERSION = 1;
				DEVELOPMENT_TEAM = 7Z6V95G685;
				GENERATE_INFOPLIST_FILE = YES;
				IPHONEOS_DEPLOYMENT_TARGET = 15.2;
				MARKETING_VERSION = 1.0;
				PRODUCT_BUNDLE_IDENTIFIER = news.NewsAppTests;
				PRODUCT_NAME = "$(TARGET_NAME)";
				SWIFT_EMIT_LOC_STRINGS = NO;
				SWIFT_VERSION = 5.0;
				TARGETED_DEVICE_FAMILY = "1,2";
				TEST_HOST = "$(BUILT_PRODUCTS_DIR)/NewsApp.app/NewsApp";
			};
			name = Release;
		};
		D0EC43972773462B00D840B5 /* Debug */ = {
			isa = XCBuildConfiguration;
			buildSettings = {
				ALWAYS_EMBED_SWIFT_STANDARD_LIBRARIES = YES;
				CODE_SIGN_STYLE = Automatic;
				CURRENT_PROJECT_VERSION = 1;
				DEVELOPMENT_TEAM = 7Z6V95G685;
				GENERATE_INFOPLIST_FILE = YES;
				MARKETING_VERSION = 1.0;
				PRODUCT_BUNDLE_IDENTIFIER = news.NewsAppUITests;
				PRODUCT_NAME = "$(TARGET_NAME)";
				SWIFT_EMIT_LOC_STRINGS = NO;
				SWIFT_VERSION = 5.0;
				TARGETED_DEVICE_FAMILY = "1,2";
				TEST_TARGET_NAME = NewsApp;
			};
			name = Debug;
		};
		D0EC43982773462B00D840B5 /* Release */ = {
			isa = XCBuildConfiguration;
			buildSettings = {
				ALWAYS_EMBED_SWIFT_STANDARD_LIBRARIES = YES;
				CODE_SIGN_STYLE = Automatic;
				CURRENT_PROJECT_VERSION = 1;
				DEVELOPMENT_TEAM = 7Z6V95G685;
				GENERATE_INFOPLIST_FILE = YES;
				MARKETING_VERSION = 1.0;
				PRODUCT_BUNDLE_IDENTIFIER = news.NewsAppUITests;
				PRODUCT_NAME = "$(TARGET_NAME)";
				SWIFT_EMIT_LOC_STRINGS = NO;
				SWIFT_VERSION = 5.0;
				TARGETED_DEVICE_FAMILY = "1,2";
				TEST_TARGET_NAME = NewsApp;
			};
			name = Release;
		};
/* End XCBuildConfiguration section */

/* Begin XCConfigurationList section */
		D0EC435E2773462800D840B5 /* Build configuration list for PBXProject "NewsApp" */ = {
			isa = XCConfigurationList;
			buildConfigurations = (
				D0EC438E2773462B00D840B5 /* Debug */,
				D0EC438F2773462B00D840B5 /* Release */,
			);
			defaultConfigurationIsVisible = 0;
			defaultConfigurationName = Release;
		};
		D0EC43902773462B00D840B5 /* Build configuration list for PBXNativeTarget "NewsApp" */ = {
			isa = XCConfigurationList;
			buildConfigurations = (
				D0EC43912773462B00D840B5 /* Debug */,
				D0EC43922773462B00D840B5 /* Release */,
			);
			defaultConfigurationIsVisible = 0;
			defaultConfigurationName = Release;
		};
		D0EC43932773462B00D840B5 /* Build configuration list for PBXNativeTarget "NewsAppTests" */ = {
			isa = XCConfigurationList;
			buildConfigurations = (
				D0EC43942773462B00D840B5 /* Debug */,
				D0EC43952773462B00D840B5 /* Release */,
			);
			defaultConfigurationIsVisible = 0;
			defaultConfigurationName = Release;
		};
		D0EC43962773462B00D840B5 /* Build configuration list for PBXNativeTarget "NewsAppUITests" */ = {
			isa = XCConfigurationList;
			buildConfigurations = (
				D0EC43972773462B00D840B5 /* Debug */,
				D0EC43982773462B00D840B5 /* Release */,
			);
			defaultConfigurationIsVisible = 0;
			defaultConfigurationName = Release;
		};
/* End XCConfigurationList section */

/* Begin XCRemoteSwiftPackageReference section */
		D0EC4399277347C700D840B5 /* XCRemoteSwiftPackageReference "Alamofire" */ = {
			isa = XCRemoteSwiftPackageReference;
			repositoryURL = "https://github.com/Alamofire/Alamofire";
			requirement = {
				kind = upToNextMajorVersion;
				minimumVersion = 5.0.0;
			};
		};
		D0EC439C277347E000D840B5 /* XCRemoteSwiftPackageReference "RxSwift" */ = {
			isa = XCRemoteSwiftPackageReference;
			repositoryURL = "https://github.com/ReactiveX/RxSwift";
			requirement = {
				kind = upToNextMajorVersion;
				minimumVersion = 6.0.0;
			};
		};
		D0EC43A12773482400D840B5 /* XCRemoteSwiftPackageReference "Kingfisher" */ = {
			isa = XCRemoteSwiftPackageReference;
			repositoryURL = "https://github.com/onevcat/Kingfisher";
			requirement = {
				kind = upToNextMajorVersion;
				minimumVersion = 7.0.0;
			};
		};
/* End XCRemoteSwiftPackageReference section */

/* Begin XCSwiftPackageProductDependency section */
		D0EC439A277347C700D840B5 /* Alamofire */ = {
			isa = XCSwiftPackageProductDependency;
			package = D0EC4399277347C700D840B5 /* XCRemoteSwiftPackageReference "Alamofire" */;
			productName = Alamofire;
		};
		D0EC439D277347E000D840B5 /* RxCocoa */ = {
			isa = XCSwiftPackageProductDependency;
			package = D0EC439C277347E000D840B5 /* XCRemoteSwiftPackageReference "RxSwift" */;
			productName = RxCocoa;
		};
		D0EC439F277347E000D840B5 /* RxSwift */ = {
			isa = XCSwiftPackageProductDependency;
			package = D0EC439C277347E000D840B5 /* XCRemoteSwiftPackageReference "RxSwift" */;
			productName = RxSwift;
		};
		D0EC43A22773482400D840B5 /* Kingfisher */ = {
			isa = XCSwiftPackageProductDependency;
			package = D0EC43A12773482400D840B5 /* XCRemoteSwiftPackageReference "Kingfisher" */;
			productName = Kingfisher;
		};
/* End XCSwiftPackageProductDependency section */

/* Begin XCVersionGroup section */
		D0BC5827277B2A8D00979F2B /* NewsApp.xcdatamodeld */ = {
			isa = XCVersionGroup;
			children = (
				D0BC5828277B2A8D00979F2B /* NewsApp.xcdatamodel */,
			);
			currentVersion = D0BC5828277B2A8D00979F2B /* NewsApp.xcdatamodel */;
			path = NewsApp.xcdatamodeld;
			sourceTree = "<group>";
			versionGroupType = wrapper.xcdatamodel;
		};
/* End XCVersionGroup section */
	};
	rootObject = D0EC435B2773462800D840B5 /* Project object */;
}
